
Microsoft Visual Studio Solution File, Format Version 12.00
# Visual Studio Version 17
VisualStudioVersion = 17.0.32014.148
MinimumVisualStudioVersion = 10.0.40219.1
Project("{8BC9CEB8-8B4A-11D0-8D11-00A0C91BC942}") = "MildredEngine", "MildredEngine.vcxproj", "{150B4136-1185-4487-9B12-6FE558C91343}"
EndProject
Global
	GlobalSection(SolutionConfigurationPlatforms) = preSolution
		Debug|x64 = Debug|x64
		Debug|x86 = Debug|x86
		Release|x64 = Release|x64
		Release|x86 = Release|x86
	EndGlobalSection
	GlobalSection(ProjectConfigurationPlatforms) = postSolution
		{150B4136-1185-4487-9B12-6FE558C91343}.Debug|x64.ActiveCfg = Debug|x64
		{150B4136-1185-4487-9B12-6FE558C91343}.Debug|x64.Build.0 = Debug|x64
		{150B4136-1185-4487-9B12-6FE558C91343}.Debug|x86.ActiveCfg = Debug|Win32
		{150B4136-1185-4487-9B12-6FE558C91343}.Debug|x86.Build.0 = Debug|Win32
		{150B4136-1185-4487-9B12-6FE558C91343}.Release|x64.ActiveCfg = Release|x64
		{150B4136-1185-4487-9B12-6FE558C91343}.Release|x64.Build.0 = Release|x64
		{150B4136-1185-4487-9B12-6FE558C91343}.Release|x86.ActiveCfg = Release|Win32
		{150B4136-1185-4487-9B12-6FE558C91343}.Release|x86.Build.0 = Release|Win32
	EndGlobalSection
	GlobalSection(SolutionProperties) = preSolution
		HideSolutionNode = FALSE
	EndGlobalSection
	GlobalSection(ExtensibilityGlobals) = postSolution
		SolutionGuid = {1F370905-AAC9-4E2B-B4E8-BE2005AB0280}
	EndGlobalSection
EndGlobal
